// !$*UTF8*$!
{
	archiveVersion = 1;
	classes = {
	};
	objectVersion = 56;
	objects = {

/* Begin PBXBuildFile section */
		751FC9742AC88C0B00CD8549 /* CustomButtonView.swift in Sources */ = {isa = PBXBuildFile; fileRef = 751FC9732AC88C0B00CD8549 /* CustomButtonView.swift */; };
		7552343E2AC4C5C7000DD6BC /* TodoListApp.swift in Sources */ = {isa = PBXBuildFile; fileRef = 7552343D2AC4C5C7000DD6BC /* TodoListApp.swift */; };
		755234402AC4C5C7000DD6BC /* MainView.swift in Sources */ = {isa = PBXBuildFile; fileRef = 7552343F2AC4C5C7000DD6BC /* MainView.swift */; };
		755234422AC4C5C8000DD6BC /* Assets.xcassets in Resources */ = {isa = PBXBuildFile; fileRef = 755234412AC4C5C8000DD6BC /* Assets.xcassets */; };
		755234452AC4C5C8000DD6BC /* Preview Assets.xcassets in Resources */ = {isa = PBXBuildFile; fileRef = 755234442AC4C5C8000DD6BC /* Preview Assets.xcassets */; };
		759282422AC61D8F00348010 /* FirebaseAuth in Frameworks */ = {isa = PBXBuildFile; productRef = 759282412AC61D8F00348010 /* FirebaseAuth */; };
		759282442AC61D8F00348010 /* FirebaseFirestore in Frameworks */ = {isa = PBXBuildFile; productRef = 759282432AC61D8F00348010 /* FirebaseFirestore */; };
		759282462AC61D8F00348010 /* FirebaseFirestoreSwift in Frameworks */ = {isa = PBXBuildFile; productRef = 759282452AC61D8F00348010 /* FirebaseFirestoreSwift */; };
		759282482AC621D500348010 /* GoogleService-Info.plist in Resources */ = {isa = PBXBuildFile; fileRef = 759282472AC621D500348010 /* GoogleService-Info.plist */; };
		7592824F2AC62E1800348010 /* ProfileView.swift in Sources */ = {isa = PBXBuildFile; fileRef = 7592824E2AC62E1800348010 /* ProfileView.swift */; };
		759282512AC62E4200348010 /* TodoListView.swift in Sources */ = {isa = PBXBuildFile; fileRef = 759282502AC62E4200348010 /* TodoListView.swift */; };
		759282532AC62E7400348010 /* NewTodoView.swift in Sources */ = {isa = PBXBuildFile; fileRef = 759282522AC62E7400348010 /* NewTodoView.swift */; };
		759282552AC62E9000348010 /* SignInView.swift in Sources */ = {isa = PBXBuildFile; fileRef = 759282542AC62E9000348010 /* SignInView.swift */; };
		759282572AC62E9D00348010 /* SignUpView.swift in Sources */ = {isa = PBXBuildFile; fileRef = 759282562AC62E9D00348010 /* SignUpView.swift */; };
		759282592AC62F0500348010 /* TodoListItemView.swift in Sources */ = {isa = PBXBuildFile; fileRef = 759282582AC62F0500348010 /* TodoListItemView.swift */; };
		7592825B2AC62F5300348010 /* User.swift in Sources */ = {isa = PBXBuildFile; fileRef = 7592825A2AC62F5300348010 /* User.swift */; };
		7592825D2AC62F5C00348010 /* Todo.swift in Sources */ = {isa = PBXBuildFile; fileRef = 7592825C2AC62F5C00348010 /* Todo.swift */; };
		7592825F2AC62FB800348010 /* MainViewViewModel.swift in Sources */ = {isa = PBXBuildFile; fileRef = 7592825E2AC62FB800348010 /* MainViewViewModel.swift */; };
		759282612AC62FC400348010 /* ProfileViewViewModel.swift in Sources */ = {isa = PBXBuildFile; fileRef = 759282602AC62FC400348010 /* ProfileViewViewModel.swift */; };
		759282632AC62FD500348010 /* TodoListViewViewModel.swift in Sources */ = {isa = PBXBuildFile; fileRef = 759282622AC62FD500348010 /* TodoListViewViewModel.swift */; };
		759282652AC62FED00348010 /* NewTodoViewViewModel.swift in Sources */ = {isa = PBXBuildFile; fileRef = 759282642AC62FED00348010 /* NewTodoViewViewModel.swift */; };
		759282672AC62FFC00348010 /* SignInViewViewModel.swift in Sources */ = {isa = PBXBuildFile; fileRef = 759282662AC62FFC00348010 /* SignInViewViewModel.swift */; };
		759282692AC6300900348010 /* SignUpViewViewModel.swift in Sources */ = {isa = PBXBuildFile; fileRef = 759282682AC6300900348010 /* SignUpViewViewModel.swift */; };
		7592826B2AC6301D00348010 /* TodoListItemViewViewModel.swift in Sources */ = {isa = PBXBuildFile; fileRef = 7592826A2AC6301D00348010 /* TodoListItemViewViewModel.swift */; };
		7592826D2AC63B2100348010 /* HeaderView.swift in Sources */ = {isa = PBXBuildFile; fileRef = 7592826C2AC63B2100348010 /* HeaderView.swift */; };
		75999EE62AC9ADE60046B88E /* Extensions.swift in Sources */ = {isa = PBXBuildFile; fileRef = 75999EE52AC9ADE60046B88E /* Extensions.swift */; };
		75999EEE2ACA60230046B88E /* LoginView.swift in Sources */ = {isa = PBXBuildFile; fileRef = 75999EED2ACA60230046B88E /* LoginView.swift */; };
		75999EF12ACA607F0046B88E /* SwiftUIX in Frameworks */ = {isa = PBXBuildFile; productRef = 75999EF02ACA607F0046B88E /* SwiftUIX */; };
		75999EF32ACA61110046B88E /* LoginViewViewModel.swift in Sources */ = {isa = PBXBuildFile; fileRef = 75999EF22ACA61110046B88E /* LoginViewViewModel.swift */; };
		75999EF52ACA61850046B88E /* VerificationView.swift in Sources */ = {isa = PBXBuildFile; fileRef = 75999EF42ACA61850046B88E /* VerificationView.swift */; };
		75999EF72ACA62560046B88E /* ConfirmedView.swift in Sources */ = {isa = PBXBuildFile; fileRef = 75999EF62ACA62560046B88E /* ConfirmedView.swift */; };
/* End PBXBuildFile section */

/* Begin PBXFileReference section */
		751FC9732AC88C0B00CD8549 /* CustomButtonView.swift */ = {isa = PBXFileReference; lastKnownFileType = sourcecode.swift; path = CustomButtonView.swift; sourceTree = "<group>"; };
		7552343A2AC4C5C7000DD6BC /* TodoList.app */ = {isa = PBXFileReference; explicitFileType = wrapper.application; includeInIndex = 0; path = TodoList.app; sourceTree = BUILT_PRODUCTS_DIR; };
		7552343D2AC4C5C7000DD6BC /* TodoListApp.swift */ = {isa = PBXFileReference; lastKnownFileType = sourcecode.swift; path = TodoListApp.swift; sourceTree = "<group>"; };
		7552343F2AC4C5C7000DD6BC /* MainView.swift */ = {isa = PBXFileReference; lastKnownFileType = sourcecode.swift; path = MainView.swift; sourceTree = "<group>"; };
		755234412AC4C5C8000DD6BC /* Assets.xcassets */ = {isa = PBXFileReference; lastKnownFileType = folder.assetcatalog; path = Assets.xcassets; sourceTree = "<group>"; };
		755234442AC4C5C8000DD6BC /* Preview Assets.xcassets */ = {isa = PBXFileReference; lastKnownFileType = folder.assetcatalog; path = "Preview Assets.xcassets"; sourceTree = "<group>"; };
		759282472AC621D500348010 /* GoogleService-Info.plist */ = {isa = PBXFileReference; fileEncoding = 4; lastKnownFileType = text.plist.xml; path = "GoogleService-Info.plist"; sourceTree = "<group>"; };
		7592824E2AC62E1800348010 /* ProfileView.swift */ = {isa = PBXFileReference; lastKnownFileType = sourcecode.swift; path = ProfileView.swift; sourceTree = "<group>"; };
		759282502AC62E4200348010 /* TodoListView.swift */ = {isa = PBXFileReference; lastKnownFileType = sourcecode.swift; path = TodoListView.swift; sourceTree = "<group>"; };
		759282522AC62E7400348010 /* NewTodoView.swift */ = {isa = PBXFileReference; lastKnownFileType = sourcecode.swift; path = NewTodoView.swift; sourceTree = "<group>"; };
		759282542AC62E9000348010 /* SignInView.swift */ = {isa = PBXFileReference; lastKnownFileType = sourcecode.swift; path = SignInView.swift; sourceTree = "<group>"; };
		759282562AC62E9D00348010 /* SignUpView.swift */ = {isa = PBXFileReference; lastKnownFileType = sourcecode.swift; path = SignUpView.swift; sourceTree = "<group>"; };
		759282582AC62F0500348010 /* TodoListItemView.swift */ = {isa = PBXFileReference; lastKnownFileType = sourcecode.swift; path = TodoListItemView.swift; sourceTree = "<group>"; };
		7592825A2AC62F5300348010 /* User.swift */ = {isa = PBXFileReference; lastKnownFileType = sourcecode.swift; path = User.swift; sourceTree = "<group>"; };
		7592825C2AC62F5C00348010 /* Todo.swift */ = {isa = PBXFileReference; lastKnownFileType = sourcecode.swift; path = Todo.swift; sourceTree = "<group>"; };
		7592825E2AC62FB800348010 /* MainViewViewModel.swift */ = {isa = PBXFileReference; lastKnownFileType = sourcecode.swift; path = MainViewViewModel.swift; sourceTree = "<group>"; };
		759282602AC62FC400348010 /* ProfileViewViewModel.swift */ = {isa = PBXFileReference; lastKnownFileType = sourcecode.swift; path = ProfileViewViewModel.swift; sourceTree = "<group>"; };
		759282622AC62FD500348010 /* TodoListViewViewModel.swift */ = {isa = PBXFileReference; lastKnownFileType = sourcecode.swift; path = TodoListViewViewModel.swift; sourceTree = "<group>"; };
		759282642AC62FED00348010 /* NewTodoViewViewModel.swift */ = {isa = PBXFileReference; lastKnownFileType = sourcecode.swift; path = NewTodoViewViewModel.swift; sourceTree = "<group>"; };
		759282662AC62FFC00348010 /* SignInViewViewModel.swift */ = {isa = PBXFileReference; lastKnownFileType = sourcecode.swift; path = SignInViewViewModel.swift; sourceTree = "<group>"; };
		759282682AC6300900348010 /* SignUpViewViewModel.swift */ = {isa = PBXFileReference; lastKnownFileType = sourcecode.swift; path = SignUpViewViewModel.swift; sourceTree = "<group>"; };
		7592826A2AC6301D00348010 /* TodoListItemViewViewModel.swift */ = {isa = PBXFileReference; lastKnownFileType = sourcecode.swift; path = TodoListItemViewViewModel.swift; sourceTree = "<group>"; };
		7592826C2AC63B2100348010 /* HeaderView.swift */ = {isa = PBXFileReference; lastKnownFileType = sourcecode.swift; path = HeaderView.swift; sourceTree = "<group>"; };
		75999EE52AC9ADE60046B88E /* Extensions.swift */ = {isa = PBXFileReference; lastKnownFileType = sourcecode.swift; path = Extensions.swift; sourceTree = "<group>"; };
		75999EED2ACA60230046B88E /* LoginView.swift */ = {isa = PBXFileReference; lastKnownFileType = sourcecode.swift; path = LoginView.swift; sourceTree = "<group>"; };
		75999EF22ACA61110046B88E /* LoginViewViewModel.swift */ = {isa = PBXFileReference; lastKnownFileType = sourcecode.swift; path = LoginViewViewModel.swift; sourceTree = "<group>"; };
		75999EF42ACA61850046B88E /* VerificationView.swift */ = {isa = PBXFileReference; lastKnownFileType = sourcecode.swift; path = VerificationView.swift; sourceTree = "<group>"; };
		75999EF62ACA62560046B88E /* ConfirmedView.swift */ = {isa = PBXFileReference; lastKnownFileType = sourcecode.swift; path = ConfirmedView.swift; sourceTree = "<group>"; };
		75999EF82ACA667C0046B88E /* Info.plist */ = {isa = PBXFileReference; lastKnownFileType = text.plist; path = Info.plist; sourceTree = "<group>"; };
/* End PBXFileReference section */

/* Begin PBXFrameworksBuildPhase section */
		755234372AC4C5C6000DD6BC /* Frameworks */ = {
			isa = PBXFrameworksBuildPhase;
			buildActionMask = 2147483647;
			files = (
				759282422AC61D8F00348010 /* FirebaseAuth in Frameworks */,
				759282442AC61D8F00348010 /* FirebaseFirestore in Frameworks */,
				759282462AC61D8F00348010 /* FirebaseFirestoreSwift in Frameworks */,
				75999EF12ACA607F0046B88E /* SwiftUIX in Frameworks */,
			);
			runOnlyForDeploymentPostprocessing = 0;
		};
/* End PBXFrameworksBuildPhase section */

/* Begin PBXGroup section */
		755234312AC4C5C6000DD6BC = {
			isa = PBXGroup;
			children = (
				7552343C2AC4C5C7000DD6BC /* TodoList */,
				7552343B2AC4C5C7000DD6BC /* Products */,
			);
			sourceTree = "<group>";
		};
		7552343B2AC4C5C7000DD6BC /* Products */ = {
			isa = PBXGroup;
			children = (
				7552343A2AC4C5C7000DD6BC /* TodoList.app */,
			);
			name = Products;
			sourceTree = "<group>";
		};
		7552343C2AC4C5C7000DD6BC /* TodoList */ = {
			isa = PBXGroup;
			children = (
				75999EF82ACA667C0046B88E /* Info.plist */,
				7592824D2AC62B6A00348010 /* Assets */,
				7592824C2AC62B2100348010 /* Config */,
				7592824B2AC62A3000348010 /* View */,
				7592824A2AC62A2300348010 /* ViewModel */,
				759282492AC6299D00348010 /* Model */,
				755234432AC4C5C8000DD6BC /* Preview Content */,
			);
			path = TodoList;
			sourceTree = "<group>";
		};
		755234432AC4C5C8000DD6BC /* Preview Content */ = {
			isa = PBXGroup;
			children = (
				755234442AC4C5C8000DD6BC /* Preview Assets.xcassets */,
			);
			path = "Preview Content";
			sourceTree = "<group>";
		};
		759282492AC6299D00348010 /* Model */ = {
			isa = PBXGroup;
			children = (
				7592825A2AC62F5300348010 /* User.swift */,
				7592825C2AC62F5C00348010 /* Todo.swift */,
			);
			path = Model;
			sourceTree = "<group>";
		};
		7592824A2AC62A2300348010 /* ViewModel */ = {
			isa = PBXGroup;
			children = (
				7592825E2AC62FB800348010 /* MainViewViewModel.swift */,
				759282602AC62FC400348010 /* ProfileViewViewModel.swift */,
				759282622AC62FD500348010 /* TodoListViewViewModel.swift */,
				759282642AC62FED00348010 /* NewTodoViewViewModel.swift */,
				759282662AC62FFC00348010 /* SignInViewViewModel.swift */,
				759282682AC6300900348010 /* SignUpViewViewModel.swift */,
				7592826A2AC6301D00348010 /* TodoListItemViewViewModel.swift */,
				75999EF22ACA61110046B88E /* LoginViewViewModel.swift */,
			);
			path = ViewModel;
			sourceTree = "<group>";
		};
		7592824B2AC62A3000348010 /* View */ = {
			isa = PBXGroup;
			children = (
				7552343F2AC4C5C7000DD6BC /* MainView.swift */,
				7592824E2AC62E1800348010 /* ProfileView.swift */,
				759282502AC62E4200348010 /* TodoListView.swift */,
				759282522AC62E7400348010 /* NewTodoView.swift */,
				759282542AC62E9000348010 /* SignInView.swift */,
				759282562AC62E9D00348010 /* SignUpView.swift */,
				759282582AC62F0500348010 /* TodoListItemView.swift */,
				7592826C2AC63B2100348010 /* HeaderView.swift */,
				751FC9732AC88C0B00CD8549 /* CustomButtonView.swift */,
				75999EED2ACA60230046B88E /* LoginView.swift */,
				75999EF42ACA61850046B88E /* VerificationView.swift */,
				75999EF62ACA62560046B88E /* ConfirmedView.swift */,
			);
			path = View;
			sourceTree = "<group>";
		};
		7592824C2AC62B2100348010 /* Config */ = {
			isa = PBXGroup;
			children = (
				759282472AC621D500348010 /* GoogleService-Info.plist */,
				7552343D2AC4C5C7000DD6BC /* TodoListApp.swift */,
				75999EE52AC9ADE60046B88E /* Extensions.swift */,
			);
			path = Config;
			sourceTree = "<group>";
		};
		7592824D2AC62B6A00348010 /* Assets */ = {
			isa = PBXGroup;
			children = (
				755234412AC4C5C8000DD6BC /* Assets.xcassets */,
			);
			path = Assets;
			sourceTree = "<group>";
		};
/* End PBXGroup section */

/* Begin PBXNativeTarget section */
		755234392AC4C5C6000DD6BC /* TodoList */ = {
			isa = PBXNativeTarget;
			buildConfigurationList = 755234482AC4C5C8000DD6BC /* Build configuration list for PBXNativeTarget "TodoList" */;
			buildPhases = (
				755234362AC4C5C6000DD6BC /* Sources */,
				755234372AC4C5C6000DD6BC /* Frameworks */,
				755234382AC4C5C6000DD6BC /* Resources */,
			);
			buildRules = (
			);
			dependencies = (
			);
			name = TodoList;
			packageProductDependencies = (
				759282412AC61D8F00348010 /* FirebaseAuth */,
				759282432AC61D8F00348010 /* FirebaseFirestore */,
				759282452AC61D8F00348010 /* FirebaseFirestoreSwift */,
				75999EF02ACA607F0046B88E /* SwiftUIX */,
			);
			productName = TodoList;
			productReference = 7552343A2AC4C5C7000DD6BC /* TodoList.app */;
			productType = "com.apple.product-type.application";
		};
/* End PBXNativeTarget section */

/* Begin PBXProject section */
		755234322AC4C5C6000DD6BC /* Project object */ = {
			isa = PBXProject;
			attributes = {
				BuildIndependentTargetsInParallel = 1;
				LastSwiftUpdateCheck = 1430;
				LastUpgradeCheck = 1430;
				TargetAttributes = {
					755234392AC4C5C6000DD6BC = {
						CreatedOnToolsVersion = 14.3.1;
					};
				};
			};
			buildConfigurationList = 755234352AC4C5C6000DD6BC /* Build configuration list for PBXProject "TodoList" */;
			compatibilityVersion = "Xcode 14.0";
			developmentRegion = en;
			hasScannedForEncodings = 0;
			knownRegions = (
				en,
				Base,
			);
			mainGroup = 755234312AC4C5C6000DD6BC;
			packageReferences = (
				759282402AC61D8F00348010 /* XCRemoteSwiftPackageReference "firebase-ios-sdk" */,
				75999EEF2ACA607F0046B88E /* XCRemoteSwiftPackageReference "SwiftUIX" */,
			);
			productRefGroup = 7552343B2AC4C5C7000DD6BC /* Products */;
			projectDirPath = "";
			projectRoot = "";
			targets = (
				755234392AC4C5C6000DD6BC /* TodoList */,
			);
		};
/* End PBXProject section */

/* Begin PBXResourcesBuildPhase section */
		755234382AC4C5C6000DD6BC /* Resources */ = {
			isa = PBXResourcesBuildPhase;
			buildActionMask = 2147483647;
			files = (
				755234452AC4C5C8000DD6BC /* Preview Assets.xcassets in Resources */,
				755234422AC4C5C8000DD6BC /* Assets.xcassets in Resources */,
				759282482AC621D500348010 /* GoogleService-Info.plist in Resources */,
			);
			runOnlyForDeploymentPostprocessing = 0;
		};
/* End PBXResourcesBuildPhase section */

/* Begin PBXSourcesBuildPhase section */
		755234362AC4C5C6000DD6BC /* Sources */ = {
			isa = PBXSourcesBuildPhase;
			buildActionMask = 2147483647;
			files = (
				751FC9742AC88C0B00CD8549 /* CustomButtonView.swift in Sources */,
				759282552AC62E9000348010 /* SignInView.swift in Sources */,
				7592826D2AC63B2100348010 /* HeaderView.swift in Sources */,
				7592826B2AC6301D00348010 /* TodoListItemViewViewModel.swift in Sources */,
				759282692AC6300900348010 /* SignUpViewViewModel.swift in Sources */,
				755234402AC4C5C7000DD6BC /* MainView.swift in Sources */,
				7592825F2AC62FB800348010 /* MainViewViewModel.swift in Sources */,
				7592824F2AC62E1800348010 /* ProfileView.swift in Sources */,
				759282572AC62E9D00348010 /* SignUpView.swift in Sources */,
				759282612AC62FC400348010 /* ProfileViewViewModel.swift in Sources */,
				759282652AC62FED00348010 /* NewTodoViewViewModel.swift in Sources */,
				75999EF32ACA61110046B88E /* LoginViewViewModel.swift in Sources */,
				759282512AC62E4200348010 /* TodoListView.swift in Sources */,
				75999EF52ACA61850046B88E /* VerificationView.swift in Sources */,
				759282672AC62FFC00348010 /* SignInViewViewModel.swift in Sources */,
				7592825B2AC62F5300348010 /* User.swift in Sources */,
				75999EF72ACA62560046B88E /* ConfirmedView.swift in Sources */,
				759282632AC62FD500348010 /* TodoListViewViewModel.swift in Sources */,
				75999EEE2ACA60230046B88E /* LoginView.swift in Sources */,
				75999EE62AC9ADE60046B88E /* Extensions.swift in Sources */,
				759282592AC62F0500348010 /* TodoListItemView.swift in Sources */,
				759282532AC62E7400348010 /* NewTodoView.swift in Sources */,
				7552343E2AC4C5C7000DD6BC /* TodoListApp.swift in Sources */,
				7592825D2AC62F5C00348010 /* Todo.swift in Sources */,
			);
			runOnlyForDeploymentPostprocessing = 0;
		};
/* End PBXSourcesBuildPhase section */

/* Begin XCBuildConfiguration section */
		755234462AC4C5C8000DD6BC /* Debug */ = {
			isa = XCBuildConfiguration;
			buildSettings = {
				ALWAYS_SEARCH_USER_PATHS = NO;
				CLANG_ANALYZER_NONNULL = YES;
				CLANG_ANALYZER_NUMBER_OBJECT_CONVERSION = YES_AGGRESSIVE;
				CLANG_CXX_LANGUAGE_STANDARD = "gnu++20";
				CLANG_ENABLE_MODULES = YES;
				CLANG_ENABLE_OBJC_ARC = YES;
				CLANG_ENABLE_OBJC_WEAK = YES;
				CLANG_WARN_BLOCK_CAPTURE_AUTORELEASING = YES;
				CLANG_WARN_BOOL_CONVERSION = YES;
				CLANG_WARN_COMMA = YES;
				CLANG_WARN_CONSTANT_CONVERSION = YES;
				CLANG_WARN_DEPRECATED_OBJC_IMPLEMENTATIONS = YES;
				CLANG_WARN_DIRECT_OBJC_ISA_USAGE = YES_ERROR;
				CLANG_WARN_DOCUMENTATION_COMMENTS = YES;
				CLANG_WARN_EMPTY_BODY = YES;
				CLANG_WARN_ENUM_CONVERSION = YES;
				CLANG_WARN_INFINITE_RECURSION = YES;
				CLANG_WARN_INT_CONVERSION = YES;
				CLANG_WARN_NON_LITERAL_NULL_CONVERSION = YES;
				CLANG_WARN_OBJC_IMPLICIT_RETAIN_SELF = YES;
				CLANG_WARN_OBJC_LITERAL_CONVERSION = YES;
				CLANG_WARN_OBJC_ROOT_CLASS = YES_ERROR;
				CLANG_WARN_QUOTED_INCLUDE_IN_FRAMEWORK_HEADER = YES;
				CLANG_WARN_RANGE_LOOP_ANALYSIS = YES;
				CLANG_WARN_STRICT_PROTOTYPES = YES;
				CLANG_WARN_SUSPICIOUS_MOVE = YES;
				CLANG_WARN_UNGUARDED_AVAILABILITY = YES_AGGRESSIVE;
				CLANG_WARN_UNREACHABLE_CODE = YES;
				CLANG_WARN__DUPLICATE_METHOD_MATCH = YES;
				COPY_PHASE_STRIP = NO;
				DEBUG_INFORMATION_FORMAT = dwarf;
				ENABLE_STRICT_OBJC_MSGSEND = YES;
				ENABLE_TESTABILITY = YES;
				GCC_C_LANGUAGE_STANDARD = gnu11;
				GCC_DYNAMIC_NO_PIC = NO;
				GCC_NO_COMMON_BLOCKS = YES;
				GCC_OPTIMIZATION_LEVEL = 0;
				GCC_PREPROCESSOR_DEFINITIONS = (
					"DEBUG=1",
					"$(inherited)",
				);
				GCC_WARN_64_TO_32_BIT_CONVERSION = YES;
				GCC_WARN_ABOUT_RETURN_TYPE = YES_ERROR;
				GCC_WARN_UNDECLARED_SELECTOR = YES;
				GCC_WARN_UNINITIALIZED_AUTOS = YES_AGGRESSIVE;
				GCC_WARN_UNUSED_FUNCTION = YES;
				GCC_WARN_UNUSED_VARIABLE = YES;
				IPHONEOS_DEPLOYMENT_TARGET = 16.4;
				MTL_ENABLE_DEBUG_INFO = INCLUDE_SOURCE;
				MTL_FAST_MATH = YES;
				ONLY_ACTIVE_ARCH = YES;
				SDKROOT = iphoneos;
				SWIFT_ACTIVE_COMPILATION_CONDITIONS = DEBUG;
				SWIFT_OPTIMIZATION_LEVEL = "-Onone";
			};
			name = Debug;
		};
		755234472AC4C5C8000DD6BC /* Release */ = {
			isa = XCBuildConfiguration;
			buildSettings = {
				ALWAYS_SEARCH_USER_PATHS = NO;
				CLANG_ANALYZER_NONNULL = YES;
				CLANG_ANALYZER_NUMBER_OBJECT_CONVERSION = YES_AGGRESSIVE;
				CLANG_CXX_LANGUAGE_STANDARD = "gnu++20";
				CLANG_ENABLE_MODULES = YES;
				CLANG_ENABLE_OBJC_ARC = YES;
				CLANG_ENABLE_OBJC_WEAK = YES;
				CLANG_WARN_BLOCK_CAPTURE_AUTORELEASING = YES;
				CLANG_WARN_BOOL_CONVERSION = YES;
				CLANG_WARN_COMMA = YES;
				CLANG_WARN_CONSTANT_CONVERSION = YES;
				CLANG_WARN_DEPRECATED_OBJC_IMPLEMENTATIONS = YES;
				CLANG_WARN_DIRECT_OBJC_ISA_USAGE = YES_ERROR;
				CLANG_WARN_DOCUMENTATION_COMMENTS = YES;
				CLANG_WARN_EMPTY_BODY = YES;
				CLANG_WARN_ENUM_CONVERSION = YES;
				CLANG_WARN_INFINITE_RECURSION = YES;
				CLANG_WARN_INT_CONVERSION = YES;
				CLANG_WARN_NON_LITERAL_NULL_CONVERSION = YES;
				CLANG_WARN_OBJC_IMPLICIT_RETAIN_SELF = YES;
				CLANG_WARN_OBJC_LITERAL_CONVERSION = YES;
				CLANG_WARN_OBJC_ROOT_CLASS = YES_ERROR;
				CLANG_WARN_QUOTED_INCLUDE_IN_FRAMEWORK_HEADER = YES;
				CLANG_WARN_RANGE_LOOP_ANALYSIS = YES;
				CLANG_WARN_STRICT_PROTOTYPES = YES;
				CLANG_WARN_SUSPICIOUS_MOVE = YES;
				CLANG_WARN_UNGUARDED_AVAILABILITY = YES_AGGRESSIVE;
				CLANG_WARN_UNREACHABLE_CODE = YES;
				CLANG_WARN__DUPLICATE_METHOD_MATCH = YES;
				COPY_PHASE_STRIP = NO;
				DEBUG_INFORMATION_FORMAT = "dwarf-with-dsym";
				ENABLE_NS_ASSERTIONS = NO;
				ENABLE_STRICT_OBJC_MSGSEND = YES;
				GCC_C_LANGUAGE_STANDARD = gnu11;
				GCC_NO_COMMON_BLOCKS = YES;
				GCC_WARN_64_TO_32_BIT_CONVERSION = YES;
				GCC_WARN_ABOUT_RETURN_TYPE = YES_ERROR;
				GCC_WARN_UNDECLARED_SELECTOR = YES;
				GCC_WARN_UNINITIALIZED_AUTOS = YES_AGGRESSIVE;
				GCC_WARN_UNUSED_FUNCTION = YES;
				GCC_WARN_UNUSED_VARIABLE = YES;
				IPHONEOS_DEPLOYMENT_TARGET = 16.4;
				MTL_ENABLE_DEBUG_INFO = NO;
				MTL_FAST_MATH = YES;
				SDKROOT = iphoneos;
				SWIFT_COMPILATION_MODE = wholemodule;
				SWIFT_OPTIMIZATION_LEVEL = "-O";
				VALIDATE_PRODUCT = YES;
			};
			name = Release;
		};
		755234492AC4C5C8000DD6BC /* Debug */ = {
			isa = XCBuildConfiguration;
			buildSettings = {
				ASSETCATALOG_COMPILER_APPICON_NAME = AppIcon;
				ASSETCATALOG_COMPILER_GLOBAL_ACCENT_COLOR_NAME = AccentColor;
				CODE_SIGN_STYLE = Automatic;
				CURRENT_PROJECT_VERSION = 1;
				DEVELOPMENT_ASSET_PATHS = "\"TodoList/Preview Content\"";
				DEVELOPMENT_TEAM = 9Q7SS8F4K2;
				ENABLE_PREVIEWS = YES;
				GENERATE_INFOPLIST_FILE = YES;
				INFOPLIST_FILE = TodoList/Info.plist;
				INFOPLIST_KEY_UIApplicationSceneManifest_Generation = YES;
				INFOPLIST_KEY_UIApplicationSupportsIndirectInputEvents = YES;
				INFOPLIST_KEY_UILaunchScreen_Generation = YES;
				INFOPLIST_KEY_UISupportedInterfaceOrientations = UIInterfaceOrientationPortrait;
				LD_RUNPATH_SEARCH_PATHS = (
					"$(inherited)",
					"@executable_path/Frameworks",
				);
				MARKETING_VERSION = 1.0;
				PRODUCT_BUNDLE_IDENTIFIER = com.olndl.todolist.TodoList;
				PRODUCT_NAME = "$(TARGET_NAME)";
				SWIFT_EMIT_LOC_STRINGS = YES;
				SWIFT_VERSION = 5.0;
				TARGETED_DEVICE_FAMILY = "1,2";
			};
			name = Debug;
		};
		7552344A2AC4C5C8000DD6BC /* Release */ = {
			isa = XCBuildConfiguration;
			buildSettings = {
				ASSETCATALOG_COMPILER_APPICON_NAME = AppIcon;
				ASSETCATALOG_COMPILER_GLOBAL_ACCENT_COLOR_NAME = AccentColor;
				CODE_SIGN_STYLE = Automatic;
				CURRENT_PROJECT_VERSION = 1;
				DEVELOPMENT_ASSET_PATHS = "\"TodoList/Preview Content\"";
				DEVELOPMENT_TEAM = 9Q7SS8F4K2;
				ENABLE_PREVIEWS = YES;
				GENERATE_INFOPLIST_FILE = YES;
				INFOPLIST_FILE = TodoList/Info.plist;
				INFOPLIST_KEY_UIApplicationSceneManifest_Generation = YES;
				INFOPLIST_KEY_UIApplicationSupportsIndirectInputEvents = YES;
				INFOPLIST_KEY_UILaunchScreen_Generation = YES;
				INFOPLIST_KEY_UISupportedInterfaceOrientations = UIInterfaceOrientationPortrait;
				LD_RUNPATH_SEARCH_PATHS = (
					"$(inherited)",
					"@executable_path/Frameworks",
				);
				MARKETING_VERSION = 1.0;
				PRODUCT_BUNDLE_IDENTIFIER = com.olndl.todolist.TodoList;
				PRODUCT_NAME = "$(TARGET_NAME)";
				SWIFT_EMIT_LOC_STRINGS = YES;
				SWIFT_VERSION = 5.0;
				TARGETED_DEVICE_FAMILY = "1,2";
			};
			name = Release;
		};
/* End XCBuildConfiguration section */

/* Begin XCConfigurationList section */
		755234352AC4C5C6000DD6BC /* Build configuration list for PBXProject "TodoList" */ = {
			isa = XCConfigurationList;
			buildConfigurations = (
				755234462AC4C5C8000DD6BC /* Debug */,
				755234472AC4C5C8000DD6BC /* Release */,
			);
			defaultConfigurationIsVisible = 0;
			defaultConfigurationName = Release;
		};
		755234482AC4C5C8000DD6BC /* Build configuration list for PBXNativeTarget "TodoList" */ = {
			isa = XCConfigurationList;
			buildConfigurations = (
				755234492AC4C5C8000DD6BC /* Debug */,
				7552344A2AC4C5C8000DD6BC /* Release */,
			);
			defaultConfigurationIsVisible = 0;
			defaultConfigurationName = Release;
		};
/* End XCConfigurationList section */

/* Begin XCRemoteSwiftPackageReference section */
		759282402AC61D8F00348010 /* XCRemoteSwiftPackageReference "firebase-ios-sdk" */ = {
			isa = XCRemoteSwiftPackageReference;
			repositoryURL = "https://github.com/firebase/firebase-ios-sdk";
			requirement = {
				kind = upToNextMajorVersion;
				minimumVersion = 10.0.0;
			};
		};
		75999EEF2ACA607F0046B88E /* XCRemoteSwiftPackageReference "SwiftUIX" */ = {
			isa = XCRemoteSwiftPackageReference;
			repositoryURL = "https://github.com/SwiftUIX/SwiftUIX";
			requirement = {
				kind = upToNextMajorVersion;
				minimumVersion = 0.1.7;
			};
		};
/* End XCRemoteSwiftPackageReference section */

/* Begin XCSwiftPackageProductDependency section */
		759282412AC61D8F00348010 /* FirebaseAuth */ = {
			isa = XCSwiftPackageProductDependency;
			package = 759282402AC61D8F00348010 /* XCRemoteSwiftPackageReference "firebase-ios-sdk" */;
			productName = FirebaseAuth;
		};
		759282432AC61D8F00348010 /* FirebaseFirestore */ = {
			isa = XCSwiftPackageProductDependency;
			package = 759282402AC61D8F00348010 /* XCRemoteSwiftPackageReference "firebase-ios-sdk" */;
			productName = FirebaseFirestore;
		};
		759282452AC61D8F00348010 /* FirebaseFirestoreSwift */ = {
			isa = XCSwiftPackageProductDependency;
			package = 759282402AC61D8F00348010 /* XCRemoteSwiftPackageReference "firebase-ios-sdk" */;
			productName = FirebaseFirestoreSwift;
		};
		75999EF02ACA607F0046B88E /* SwiftUIX */ = {
			isa = XCSwiftPackageProductDependency;
			package = 75999EEF2ACA607F0046B88E /* XCRemoteSwiftPackageReference "SwiftUIX" */;
			productName = SwiftUIX;
		};
/* End XCSwiftPackageProductDependency section */
	};
	rootObject = 755234322AC4C5C6000DD6BC /* Project object */;
}
